
Microsoft Visual Studio Solution File, Format Version 12.00
# Visual Studio Version 17
VisualStudioVersion = 17.9.34607.119
MinimumVisualStudioVersion = 10.0.40219.1
Project("{FAE04EC0-301F-11D3-BF4B-00C04F79EFBC}") = "Server", "Server\Server.csproj", "{2DE05881-B9CE-4851-8A49-0DFDAB99FE16}"
EndProject
Project("{FAE04EC0-301F-11D3-BF4B-00C04F79EFBC}") = "Klient", "Klient\Klient.csproj", "{4CFA5421-F33D-4772-93DE-97DE37F02454}"
EndProject
Project("{2150E333-8FDC-42A3-9474-1A3956D46DE8}") = "Элементы решения", "Элементы решения", "{26C0C053-79C3-4223-8E5F-DB0B8E50997C}"
	ProjectSection(SolutionItems) = preProject
		.gitignore = .gitignore
	EndProjectSection
EndProject
Global
	GlobalSection(SolutionConfigurationPlatforms) = preSolution
		Debug|Any CPU = Debug|Any CPU
		Release|Any CPU = Release|Any CPU
	EndGlobalSection
	GlobalSection(ProjectConfigurationPlatforms) = postSolution
		{2DE05881-B9CE-4851-8A49-0DFDAB99FE16}.Debug|Any CPU.ActiveCfg = Debug|Any CPU
		{2DE05881-B9CE-4851-8A49-0DFDAB99FE16}.Debug|Any CPU.Build.0 = Debug|Any CPU
		{2DE05881-B9CE-4851-8A49-0DFDAB99FE16}.Release|Any CPU.ActiveCfg = Release|Any CPU
		{2DE05881-B9CE-4851-8A49-0DFDAB99FE16}.Release|Any CPU.Build.0 = Release|Any CPU
		{4CFA5421-F33D-4772-93DE-97DE37F02454}.Debug|Any CPU.ActiveCfg = Debug|Any CPU
		{4CFA5421-F33D-4772-93DE-97DE37F02454}.Debug|Any CPU.Build.0 = Debug|Any CPU
		{4CFA5421-F33D-4772-93DE-97DE37F02454}.Release|Any CPU.ActiveCfg = Release|Any CPU
		{4CFA5421-F33D-4772-93DE-97DE37F02454}.Release|Any CPU.Build.0 = Release|Any CPU
	EndGlobalSection
	GlobalSection(SolutionProperties) = preSolution
		HideSolutionNode = FALSE
	EndGlobalSection
	GlobalSection(ExtensibilityGlobals) = postSolution
		SolutionGuid = {279F8DFF-C0D3-4541-BA5A-6B93FA43A926}
	EndGlobalSection
EndGlobal
